
Microsoft Visual Studio Solution File, Format Version 12.00
# Visual Studio Version 17
VisualStudioVersion = 17.14.36518.9
MinimumVisualStudioVersion = 10.0.40219.1
Project("{2150E333-8FDC-42A3-9474-1A3956D46DE8}") = "Task0", "Task0", "{02EA681E-C7D8-13C7-8484-4AC65E1B71E8}"
EndProject
Project("{FAE04EC0-301F-11D3-BF4B-00C04F79EFBC}") = "Tyuiu.KugaevskijSD.Sprint5.Task0.V26", "Tyuiu.KugaevskijSD.Sprint5.Task0.V26\Tyuiu.KugaevskijSD.Sprint5.Task0.V26.csproj", "{093402C4-CE7C-4ED2-9394-0DD576EAE79F}"
EndProject
Project("{FAE04EC0-301F-11D3-BF4B-00C04F79EFBC}") = "Tyuiu.KugaevskijSD.Sprint5.Task0.V26.Lib", "Tyuiu.KugaevskijSD.Sprint5.Task0.V26.Lib\Tyuiu.KugaevskijSD.Sprint5.Task0.V26.Lib.csproj", "{EEC7DD44-7CB7-477F-92E6-EA8EDE5713AA}"
EndProject
Project("{FAE04EC0-301F-11D3-BF4B-00C04F79EFBC}") = "Tyuiu.KugaevskijSD.Sprint5.Task0.V26.Test", "Tyuiu.KugaevskijSD.Sprint5.Task0.V26.Test\Tyuiu.KugaevskijSD.Sprint5.Task0.V26.Test.csproj", "{00515846-2A2F-464A-8CC6-5F83463A8D3C}"
EndProject
Project("{2150E333-8FDC-42A3-9474-1A3956D46DE8}") = "Task1", "Task1", "{A544C2D8-4CBD-4AFF-B240-B8F4DBBFB46D}"
EndProject
Project("{FAE04EC0-301F-11D3-BF4B-00C04F79EFBC}") = "Tyuiu.KugaevskijSD.Sprint5.Task1.V21", "Tyuiu.KugaevskijSD.Sprint5.Task1.V21\Tyuiu.KugaevskijSD.Sprint5.Task1.V21.csproj", "{D90A9489-37B6-4F0B-BCE0-4C2513859D48}"
EndProject
Project("{FAE04EC0-301F-11D3-BF4B-00C04F79EFBC}") = "Tyuiu.KugaevskijSD.Sprint5.Task1.V21.Lib", "Tyuiu.KugaevskijSD.Sprint5.Task1.V21.Lib\Tyuiu.KugaevskijSD.Sprint5.Task1.V21.Lib.csproj", "{440B8E04-234F-4733-8AEF-543D81833821}"
EndProject
Project("{FAE04EC0-301F-11D3-BF4B-00C04F79EFBC}") = "Tyuiu.KugaevskijSD.Sprint5.Task1.V21.Test", "Tyuiu.KugaevskijSD.Sprint5.Task1.V21.Test\Tyuiu.KugaevskijSD.Sprint5.Task1.V21.Test.csproj", "{26B5CA8C-67BF-4644-B2D9-5B3F79810C5E}"
EndProject
Project("{2150E333-8FDC-42A3-9474-1A3956D46DE8}") = "Task2", "Task2", "{F7808589-A05E-488F-96D3-028702DA10C4}"
EndProject
Project("{FAE04EC0-301F-11D3-BF4B-00C04F79EFBC}") = "Tyuiu.KugaevskijSD.Sprint5.Task2.V16", "Tyuiu.KugaevskijSD.Sprint5.Task2.V16\Tyuiu.KugaevskijSD.Sprint5.Task2.V16.csproj", "{4631B8D9-6729-4EAF-BDBB-03CECA45FAFF}"
EndProject
Project("{FAE04EC0-301F-11D3-BF4B-00C04F79EFBC}") = "Tyuiu.KugaevskijSD.Sprint5.Task2.V16.Lib", "Tyuiu.KugaevskijSD.Sprint5.Task2.V16.Lib\Tyuiu.KugaevskijSD.Sprint5.Task2.V16.Lib.csproj", "{92E1F855-83D1-4878-A2F2-500BBCD35363}"
EndProject
Project("{FAE04EC0-301F-11D3-BF4B-00C04F79EFBC}") = "Tyuiu.KugaevskijSD.Sprint5.Task2.V16.Test", "Tyuiu.KugaevskijSD.Sprint5.Task2.V16.Test\Tyuiu.KugaevskijSD.Sprint5.Task2.V16.Test.csproj", "{048463D4-9DC7-426C-9CEC-7BE36F9C453F}"
EndProject
Global
	GlobalSection(SolutionConfigurationPlatforms) = preSolution
		Debug|Any CPU = Debug|Any CPU
		Release|Any CPU = Release|Any CPU
	EndGlobalSection
	GlobalSection(ProjectConfigurationPlatforms) = postSolution
		{093402C4-CE7C-4ED2-9394-0DD576EAE79F}.Debug|Any CPU.ActiveCfg = Debug|Any CPU
		{093402C4-CE7C-4ED2-9394-0DD576EAE79F}.Debug|Any CPU.Build.0 = Debug|Any CPU
		{093402C4-CE7C-4ED2-9394-0DD576EAE79F}.Release|Any CPU.ActiveCfg = Release|Any CPU
		{093402C4-CE7C-4ED2-9394-0DD576EAE79F}.Release|Any CPU.Build.0 = Release|Any CPU
		{EEC7DD44-7CB7-477F-92E6-EA8EDE5713AA}.Debug|Any CPU.ActiveCfg = Debug|Any CPU
		{EEC7DD44-7CB7-477F-92E6-EA8EDE5713AA}.Debug|Any CPU.Build.0 = Debug|Any CPU
		{EEC7DD44-7CB7-477F-92E6-EA8EDE5713AA}.Release|Any CPU.ActiveCfg = Release|Any CPU
		{EEC7DD44-7CB7-477F-92E6-EA8EDE5713AA}.Release|Any CPU.Build.0 = Release|Any CPU
		{00515846-2A2F-464A-8CC6-5F83463A8D3C}.Debug|Any CPU.ActiveCfg = Debug|Any CPU
		{00515846-2A2F-464A-8CC6-5F83463A8D3C}.Debug|Any CPU.Build.0 = Debug|Any CPU
		{00515846-2A2F-464A-8CC6-5F83463A8D3C}.Release|Any CPU.ActiveCfg = Release|Any CPU
		{00515846-2A2F-464A-8CC6-5F83463A8D3C}.Release|Any CPU.Build.0 = Release|Any CPU
		{D90A9489-37B6-4F0B-BCE0-4C2513859D48}.Debug|Any CPU.ActiveCfg = Debug|Any CPU
		{D90A9489-37B6-4F0B-BCE0-4C2513859D48}.Debug|Any CPU.Build.0 = Debug|Any CPU
		{D90A9489-37B6-4F0B-BCE0-4C2513859D48}.Release|Any CPU.ActiveCfg = Release|Any CPU
		{D90A9489-37B6-4F0B-BCE0-4C2513859D48}.Release|Any CPU.Build.0 = Release|Any CPU
		{440B8E04-234F-4733-8AEF-543D81833821}.Debug|Any CPU.ActiveCfg = Debug|Any CPU
		{440B8E04-234F-4733-8AEF-543D81833821}.Debug|Any CPU.Build.0 = Debug|Any CPU
		{440B8E04-234F-4733-8AEF-543D81833821}.Release|Any CPU.ActiveCfg = Release|Any CPU
		{440B8E04-234F-4733-8AEF-543D81833821}.Release|Any CPU.Build.0 = Release|Any CPU
		{26B5CA8C-67BF-4644-B2D9-5B3F79810C5E}.Debug|Any CPU.ActiveCfg = Debug|Any CPU
		{26B5CA8C-67BF-4644-B2D9-5B3F79810C5E}.Debug|Any CPU.Build.0 = Debug|Any CPU
		{26B5CA8C-67BF-4644-B2D9-5B3F79810C5E}.Release|Any CPU.ActiveCfg = Release|Any CPU
		{26B5CA8C-67BF-4644-B2D9-5B3F79810C5E}.Release|Any CPU.Build.0 = Release|Any CPU
		{4631B8D9-6729-4EAF-BDBB-03CECA45FAFF}.Debug|Any CPU.ActiveCfg = Debug|Any CPU
		{4631B8D9-6729-4EAF-BDBB-03CECA45FAFF}.Debug|Any CPU.Build.0 = Debug|Any CPU
		{4631B8D9-6729-4EAF-BDBB-03CECA45FAFF}.Release|Any CPU.ActiveCfg = Release|Any CPU
		{4631B8D9-6729-4EAF-BDBB-03CECA45FAFF}.Release|Any CPU.Build.0 = Release|Any CPU
		{92E1F855-83D1-4878-A2F2-500BBCD35363}.Debug|Any CPU.ActiveCfg = Debug|Any CPU
		{92E1F855-83D1-4878-A2F2-500BBCD35363}.Debug|Any CPU.Build.0 = Debug|Any CPU
		{92E1F855-83D1-4878-A2F2-500BBCD35363}.Release|Any CPU.ActiveCfg = Release|Any CPU
		{92E1F855-83D1-4878-A2F2-500BBCD35363}.Release|Any CPU.Build.0 = Release|Any CPU
		{048463D4-9DC7-426C-9CEC-7BE36F9C453F}.Debug|Any CPU.ActiveCfg = Debug|Any CPU
		{048463D4-9DC7-426C-9CEC-7BE36F9C453F}.Debug|Any CPU.Build.0 = Debug|Any CPU
		{048463D4-9DC7-426C-9CEC-7BE36F9C453F}.Release|Any CPU.ActiveCfg = Release|Any CPU
		{048463D4-9DC7-426C-9CEC-7BE36F9C453F}.Release|Any CPU.Build.0 = Release|Any CPU
	EndGlobalSection
	GlobalSection(SolutionProperties) = preSolution
		HideSolutionNode = FALSE
	EndGlobalSection
	GlobalSection(NestedProjects) = preSolution
		{093402C4-CE7C-4ED2-9394-0DD576EAE79F} = {02EA681E-C7D8-13C7-8484-4AC65E1B71E8}
		{EEC7DD44-7CB7-477F-92E6-EA8EDE5713AA} = {02EA681E-C7D8-13C7-8484-4AC65E1B71E8}
		{00515846-2A2F-464A-8CC6-5F83463A8D3C} = {02EA681E-C7D8-13C7-8484-4AC65E1B71E8}
		{D90A9489-37B6-4F0B-BCE0-4C2513859D48} = {A544C2D8-4CBD-4AFF-B240-B8F4DBBFB46D}
		{440B8E04-234F-4733-8AEF-543D81833821} = {A544C2D8-4CBD-4AFF-B240-B8F4DBBFB46D}
		{26B5CA8C-67BF-4644-B2D9-5B3F79810C5E} = {A544C2D8-4CBD-4AFF-B240-B8F4DBBFB46D}
		{4631B8D9-6729-4EAF-BDBB-03CECA45FAFF} = {F7808589-A05E-488F-96D3-028702DA10C4}
		{92E1F855-83D1-4878-A2F2-500BBCD35363} = {F7808589-A05E-488F-96D3-028702DA10C4}
		{048463D4-9DC7-426C-9CEC-7BE36F9C453F} = {F7808589-A05E-488F-96D3-028702DA10C4}
	EndGlobalSection
	GlobalSection(ExtensibilityGlobals) = postSolution
		SolutionGuid = {3434E9DD-B35C-42A9-8E37-DDFDF3BE9144}
	EndGlobalSection
EndGlobal
