
Microsoft Visual Studio Solution File, Format Version 12.00
# Visual Studio Version 17
VisualStudioVersion = 17.14.36518.9
MinimumVisualStudioVersion = 10.0.40219.1
Project("{2150E333-8FDC-42A3-9474-1A3956D46DE8}") = "Task0", "Task0", "{02EA681E-C7D8-13C7-8484-4AC65E1B71E8}"
EndProject
Project("{FAE04EC0-301F-11D3-BF4B-00C04F79EFBC}") = "Tyuiu.KugaevskijSD.Sprint5.Task0.V26", "Tyuiu.KugaevskijSD.Sprint5.Task0.V26\Tyuiu.KugaevskijSD.Sprint5.Task0.V26.csproj", "{093402C4-CE7C-4ED2-9394-0DD576EAE79F}"
EndProject
Project("{FAE04EC0-301F-11D3-BF4B-00C04F79EFBC}") = "Tyuiu.KugaevskijSD.Sprint5.Task0.V26.Lib", "Tyuiu.KugaevskijSD.Sprint5.Task0.V26.Lib\Tyuiu.KugaevskijSD.Sprint5.Task0.V26.Lib.csproj", "{EEC7DD44-7CB7-477F-92E6-EA8EDE5713AA}"
EndProject
Project("{FAE04EC0-301F-11D3-BF4B-00C04F79EFBC}") = "Tyuiu.KugaevskijSD.Sprint5.Task0.V26.Test", "Tyuiu.KugaevskijSD.Sprint5.Task0.V26.Test\Tyuiu.KugaevskijSD.Sprint5.Task0.V26.Test.csproj", "{00515846-2A2F-464A-8CC6-5F83463A8D3C}"
EndProject
Project("{2150E333-8FDC-42A3-9474-1A3956D46DE8}") = "Task1", "Task1", "{A544C2D8-4CBD-4AFF-B240-B8F4DBBFB46D}"
EndProject
Project("{FAE04EC0-301F-11D3-BF4B-00C04F79EFBC}") = "Tyuiu.KugaevskijSD.Sprint5.Task1.V21", "Tyuiu.KugaevskijSD.Sprint5.Task1.V21\Tyuiu.KugaevskijSD.Sprint5.Task1.V21.csproj", "{D90A9489-37B6-4F0B-BCE0-4C2513859D48}"
EndProject
Project("{FAE04EC0-301F-11D3-BF4B-00C04F79EFBC}") = "Tyuiu.KugaevskijSD.Sprint5.Task1.V21.Lib", "Tyuiu.KugaevskijSD.Sprint5.Task1.V21.Lib\Tyuiu.KugaevskijSD.Sprint5.Task1.V21.Lib.csproj", "{440B8E04-234F-4733-8AEF-543D81833821}"
EndProject
Project("{FAE04EC0-301F-11D3-BF4B-00C04F79EFBC}") = "Tyuiu.KugaevskijSD.Sprint5.Task1.V21.Test", "Tyuiu.KugaevskijSD.Sprint5.Task1.V21.Test\Tyuiu.KugaevskijSD.Sprint5.Task1.V21.Test.csproj", "{26B5CA8C-67BF-4644-B2D9-5B3F79810C5E}"
EndProject
Project("{2150E333-8FDC-42A3-9474-1A3956D46DE8}") = "Task2", "Task2", "{F7808589-A05E-488F-96D3-028702DA10C4}"
EndProject
Project("{FAE04EC0-301F-11D3-BF4B-00C04F79EFBC}") = "Tyuiu.KugaevskijSD.Sprint5.Task2.V16", "Tyuiu.KugaevskijSD.Sprint5.Task2.V16\Tyuiu.KugaevskijSD.Sprint5.Task2.V16.csproj", "{4631B8D9-6729-4EAF-BDBB-03CECA45FAFF}"
EndProject
Project("{FAE04EC0-301F-11D3-BF4B-00C04F79EFBC}") = "Tyuiu.KugaevskijSD.Sprint5.Task2.V16.Lib", "Tyuiu.KugaevskijSD.Sprint5.Task2.V16.Lib\Tyuiu.KugaevskijSD.Sprint5.Task2.V16.Lib.csproj", "{92E1F855-83D1-4878-A2F2-500BBCD35363}"
EndProject
Project("{FAE04EC0-301F-11D3-BF4B-00C04F79EFBC}") = "Tyuiu.KugaevskijSD.Sprint5.Task2.V16.Test", "Tyuiu.KugaevskijSD.Sprint5.Task2.V16.Test\Tyuiu.KugaevskijSD.Sprint5.Task2.V16.Test.csproj", "{048463D4-9DC7-426C-9CEC-7BE36F9C453F}"
EndProject
Project("{2150E333-8FDC-42A3-9474-1A3956D46DE8}") = "Task3", "Task3", "{FD463ECB-C42E-4A7D-BC6F-D61818FA9CC3}"
EndProject
Project("{FAE04EC0-301F-11D3-BF4B-00C04F79EFBC}") = "Tyuiu.KugaevskijSD.Sprint5.Task3.V26", "Tyuiu.KugaevskijSD.Sprint5.Task3.V26\Tyuiu.KugaevskijSD.Sprint5.Task3.V26.csproj", "{56C0CCDE-C7E5-4531-BA0F-91576C9CDC71}"
EndProject
Project("{FAE04EC0-301F-11D3-BF4B-00C04F79EFBC}") = "Tyuiu.KugaevskijSD.Sprint5.Task3.V26.Lib", "Tyuiu.KugaevskijSD.Sprint5.Task3.V26.Lib\Tyuiu.KugaevskijSD.Sprint5.Task3.V26.Lib.csproj", "{1AB8F4C3-E651-4674-8AC3-204FAFBAE3D3}"
EndProject
Project("{FAE04EC0-301F-11D3-BF4B-00C04F79EFBC}") = "Tyuiu.KugaevskijSD.Sprint5.Task3.V26.Test", "Tyuiu.KugaevskijSD.Sprint5.Task3.V26.Test\Tyuiu.KugaevskijSD.Sprint5.Task3.V26.Test.csproj", "{CC013683-3852-45BC-9330-69CFCE95266E}"
EndProject
Project("{2150E333-8FDC-42A3-9474-1A3956D46DE8}") = "Task4", "Task4", "{110BFE0F-4592-4102-87D7-B9F29352EF0D}"
EndProject
Project("{FAE04EC0-301F-11D3-BF4B-00C04F79EFBC}") = "Tyuiu.KugaevskijSD.Sprint5.Task4.V1", "Tyuiu.KugaevskijSD.Sprint5.Task4.V1\Tyuiu.KugaevskijSD.Sprint5.Task4.V1.csproj", "{D1B9FD26-DF12-49BE-A9EF-2F9FE92889EC}"
EndProject
Project("{FAE04EC0-301F-11D3-BF4B-00C04F79EFBC}") = "Tyuiu.KugaevskijSD.Sprint5.Task4.V1.Lib", "Tyuiu.KugaevskijSD.Sprint5.Task4.V1.Lib\Tyuiu.KugaevskijSD.Sprint5.Task4.V1.Lib.csproj", "{45AE2CCC-AA7D-4CEF-8D22-4187EB373BE8}"
EndProject
Project("{FAE04EC0-301F-11D3-BF4B-00C04F79EFBC}") = "Tyuiu.KugaevskijSD.Sprint5.Task4.V1.Test", "Tyuiu.KugaevskijSD.Sprint5.Task4.V1.Test\Tyuiu.KugaevskijSD.Sprint5.Task4.V1.Test.csproj", "{8AC00036-9B70-45DC-BC0B-F2ADBC5BF39F}"
EndProject
Project("{2150E333-8FDC-42A3-9474-1A3956D46DE8}") = "Task5", "Task5", "{45E080C8-C027-4E00-BB95-B5B6675DE2CB}"
EndProject
Project("{FAE04EC0-301F-11D3-BF4B-00C04F79EFBC}") = "Tyuiu.KugaevskijSD.Sprint5.Task5.V12", "Tyuiu.KugaevskijSD.Sprint5.Task5.V12\Tyuiu.KugaevskijSD.Sprint5.Task5.V12.csproj", "{7BB42108-6C45-4E70-ACD3-0EA6786FC6F5}"
EndProject
Project("{FAE04EC0-301F-11D3-BF4B-00C04F79EFBC}") = "Tyuiu.KugaevskijSD.Sprint5.Task5.V12.Lib", "Tyuiu.KugaevskijSD.Sprint5.Task5.V12.Lib\Tyuiu.KugaevskijSD.Sprint5.Task5.V12.Lib.csproj", "{FBA545FA-AD85-45B5-AD8D-99E3824A8407}"
EndProject
Project("{FAE04EC0-301F-11D3-BF4B-00C04F79EFBC}") = "Tyuiu.KugaevskijSD.Sprint5.Task5.V12.Test", "Tyuiu.KugaevskijSD.Sprint5.Task5.V12.Test\Tyuiu.KugaevskijSD.Sprint5.Task5.V12.Test.csproj", "{D36F1507-BADC-4417-98C8-463FD48D1270}"
EndProject
Project("{2150E333-8FDC-42A3-9474-1A3956D46DE8}") = "Task6", "Task6", "{E08B7308-58A3-45CB-BA55-ECF40C3BE98D}"
EndProject
Project("{FAE04EC0-301F-11D3-BF4B-00C04F79EFBC}") = "Tyuiu.KugaevskijSD.Sprint5.Task6.V15", "Tyuiu.KugaevskijSD.Sprint5.Task6.V15\Tyuiu.KugaevskijSD.Sprint5.Task6.V15.csproj", "{05432F6C-8551-4E86-BF52-C88591CDD78F}"
EndProject
Project("{FAE04EC0-301F-11D3-BF4B-00C04F79EFBC}") = "Tyuiu.KugaevskijSD.Sprint5.Task6.V15.Lib", "Tyuiu.KugaevskijSD.Sprint5.Task6.V15.Lib\Tyuiu.KugaevskijSD.Sprint5.Task6.V15.Lib.csproj", "{43FAB56D-56A4-4D32-BEF2-46AC4279E629}"
EndProject
Project("{FAE04EC0-301F-11D3-BF4B-00C04F79EFBC}") = "Tyuiu.KugaevskijSD.Sprint5.Task6.V15.Test", "Tyuiu.KugaevskijSD.Sprint5.Task6.V15.Test\Tyuiu.KugaevskijSD.Sprint5.Task6.V15.Test.csproj", "{1C3213D4-D6C0-4020-A6DC-E94ECC4EFEEC}"
EndProject
Project("{2150E333-8FDC-42A3-9474-1A3956D46DE8}") = "Task7", "Task7", "{9B3BC1D0-33F7-450E-BD64-FF88A437B01A}"
EndProject
Project("{FAE04EC0-301F-11D3-BF4B-00C04F79EFBC}") = "Tyuiu.KugaevskijSD.Sprint5.Task7.V23", "Tyuiu.KugaevskijSD.Sprint5.Task7.V23\Tyuiu.KugaevskijSD.Sprint5.Task7.V23.csproj", "{B2C2B6DC-324F-4994-B121-7F84154D470E}"
EndProject
Project("{FAE04EC0-301F-11D3-BF4B-00C04F79EFBC}") = "Tyuiu.KugaevskijSD.Sprint5.Task7.V23.Lib", "Tyuiu.KugaevskijSD.Sprint5.Task7.V23.Lib\Tyuiu.KugaevskijSD.Sprint5.Task7.V23.Lib.csproj", "{6BEA7F8B-D45E-4A25-8C95-E430A6922F70}"
EndProject
Project("{FAE04EC0-301F-11D3-BF4B-00C04F79EFBC}") = "Tyuiu.KugaevskijSD.Sprint5.Task7.V23.Test", "Tyuiu.KugaevskijSD.Sprint5.Task7.V23.Test\Tyuiu.KugaevskijSD.Sprint5.Task7.V23.Test.csproj", "{F267669E-8BCF-44F0-B828-E0E0C9249CFB}"
EndProject
Global
	GlobalSection(SolutionConfigurationPlatforms) = preSolution
		Debug|Any CPU = Debug|Any CPU
		Release|Any CPU = Release|Any CPU
	EndGlobalSection
	GlobalSection(ProjectConfigurationPlatforms) = postSolution
		{093402C4-CE7C-4ED2-9394-0DD576EAE79F}.Debug|Any CPU.ActiveCfg = Debug|Any CPU
		{093402C4-CE7C-4ED2-9394-0DD576EAE79F}.Debug|Any CPU.Build.0 = Debug|Any CPU
		{093402C4-CE7C-4ED2-9394-0DD576EAE79F}.Release|Any CPU.ActiveCfg = Release|Any CPU
		{093402C4-CE7C-4ED2-9394-0DD576EAE79F}.Release|Any CPU.Build.0 = Release|Any CPU
		{EEC7DD44-7CB7-477F-92E6-EA8EDE5713AA}.Debug|Any CPU.ActiveCfg = Debug|Any CPU
		{EEC7DD44-7CB7-477F-92E6-EA8EDE5713AA}.Debug|Any CPU.Build.0 = Debug|Any CPU
		{EEC7DD44-7CB7-477F-92E6-EA8EDE5713AA}.Release|Any CPU.ActiveCfg = Release|Any CPU
		{EEC7DD44-7CB7-477F-92E6-EA8EDE5713AA}.Release|Any CPU.Build.0 = Release|Any CPU
		{00515846-2A2F-464A-8CC6-5F83463A8D3C}.Debug|Any CPU.ActiveCfg = Debug|Any CPU
		{00515846-2A2F-464A-8CC6-5F83463A8D3C}.Debug|Any CPU.Build.0 = Debug|Any CPU
		{00515846-2A2F-464A-8CC6-5F83463A8D3C}.Release|Any CPU.ActiveCfg = Release|Any CPU
		{00515846-2A2F-464A-8CC6-5F83463A8D3C}.Release|Any CPU.Build.0 = Release|Any CPU
		{D90A9489-37B6-4F0B-BCE0-4C2513859D48}.Debug|Any CPU.ActiveCfg = Debug|Any CPU
		{D90A9489-37B6-4F0B-BCE0-4C2513859D48}.Debug|Any CPU.Build.0 = Debug|Any CPU
		{D90A9489-37B6-4F0B-BCE0-4C2513859D48}.Release|Any CPU.ActiveCfg = Release|Any CPU
		{D90A9489-37B6-4F0B-BCE0-4C2513859D48}.Release|Any CPU.Build.0 = Release|Any CPU
		{440B8E04-234F-4733-8AEF-543D81833821}.Debug|Any CPU.ActiveCfg = Debug|Any CPU
		{440B8E04-234F-4733-8AEF-543D81833821}.Debug|Any CPU.Build.0 = Debug|Any CPU
		{440B8E04-234F-4733-8AEF-543D81833821}.Release|Any CPU.ActiveCfg = Release|Any CPU
		{440B8E04-234F-4733-8AEF-543D81833821}.Release|Any CPU.Build.0 = Release|Any CPU
		{26B5CA8C-67BF-4644-B2D9-5B3F79810C5E}.Debug|Any CPU.ActiveCfg = Debug|Any CPU
		{26B5CA8C-67BF-4644-B2D9-5B3F79810C5E}.Debug|Any CPU.Build.0 = Debug|Any CPU
		{26B5CA8C-67BF-4644-B2D9-5B3F79810C5E}.Release|Any CPU.ActiveCfg = Release|Any CPU
		{26B5CA8C-67BF-4644-B2D9-5B3F79810C5E}.Release|Any CPU.Build.0 = Release|Any CPU
		{4631B8D9-6729-4EAF-BDBB-03CECA45FAFF}.Debug|Any CPU.ActiveCfg = Debug|Any CPU
		{4631B8D9-6729-4EAF-BDBB-03CECA45FAFF}.Debug|Any CPU.Build.0 = Debug|Any CPU
		{4631B8D9-6729-4EAF-BDBB-03CECA45FAFF}.Release|Any CPU.ActiveCfg = Release|Any CPU
		{4631B8D9-6729-4EAF-BDBB-03CECA45FAFF}.Release|Any CPU.Build.0 = Release|Any CPU
		{92E1F855-83D1-4878-A2F2-500BBCD35363}.Debug|Any CPU.ActiveCfg = Debug|Any CPU
		{92E1F855-83D1-4878-A2F2-500BBCD35363}.Debug|Any CPU.Build.0 = Debug|Any CPU
		{92E1F855-83D1-4878-A2F2-500BBCD35363}.Release|Any CPU.ActiveCfg = Release|Any CPU
		{92E1F855-83D1-4878-A2F2-500BBCD35363}.Release|Any CPU.Build.0 = Release|Any CPU
		{048463D4-9DC7-426C-9CEC-7BE36F9C453F}.Debug|Any CPU.ActiveCfg = Debug|Any CPU
		{048463D4-9DC7-426C-9CEC-7BE36F9C453F}.Debug|Any CPU.Build.0 = Debug|Any CPU
		{048463D4-9DC7-426C-9CEC-7BE36F9C453F}.Release|Any CPU.ActiveCfg = Release|Any CPU
		{048463D4-9DC7-426C-9CEC-7BE36F9C453F}.Release|Any CPU.Build.0 = Release|Any CPU
		{56C0CCDE-C7E5-4531-BA0F-91576C9CDC71}.Debug|Any CPU.ActiveCfg = Debug|Any CPU
		{56C0CCDE-C7E5-4531-BA0F-91576C9CDC71}.Debug|Any CPU.Build.0 = Debug|Any CPU
		{56C0CCDE-C7E5-4531-BA0F-91576C9CDC71}.Release|Any CPU.ActiveCfg = Release|Any CPU
		{56C0CCDE-C7E5-4531-BA0F-91576C9CDC71}.Release|Any CPU.Build.0 = Release|Any CPU
		{1AB8F4C3-E651-4674-8AC3-204FAFBAE3D3}.Debug|Any CPU.ActiveCfg = Debug|Any CPU
		{1AB8F4C3-E651-4674-8AC3-204FAFBAE3D3}.Debug|Any CPU.Build.0 = Debug|Any CPU
		{1AB8F4C3-E651-4674-8AC3-204FAFBAE3D3}.Release|Any CPU.ActiveCfg = Release|Any CPU
		{1AB8F4C3-E651-4674-8AC3-204FAFBAE3D3}.Release|Any CPU.Build.0 = Release|Any CPU
		{CC013683-3852-45BC-9330-69CFCE95266E}.Debug|Any CPU.ActiveCfg = Debug|Any CPU
		{CC013683-3852-45BC-9330-69CFCE95266E}.Debug|Any CPU.Build.0 = Debug|Any CPU
		{CC013683-3852-45BC-9330-69CFCE95266E}.Release|Any CPU.ActiveCfg = Release|Any CPU
		{CC013683-3852-45BC-9330-69CFCE95266E}.Release|Any CPU.Build.0 = Release|Any CPU
		{D1B9FD26-DF12-49BE-A9EF-2F9FE92889EC}.Debug|Any CPU.ActiveCfg = Debug|Any CPU
		{D1B9FD26-DF12-49BE-A9EF-2F9FE92889EC}.Debug|Any CPU.Build.0 = Debug|Any CPU
		{D1B9FD26-DF12-49BE-A9EF-2F9FE92889EC}.Release|Any CPU.ActiveCfg = Release|Any CPU
		{D1B9FD26-DF12-49BE-A9EF-2F9FE92889EC}.Release|Any CPU.Build.0 = Release|Any CPU
		{45AE2CCC-AA7D-4CEF-8D22-4187EB373BE8}.Debug|Any CPU.ActiveCfg = Debug|Any CPU
		{45AE2CCC-AA7D-4CEF-8D22-4187EB373BE8}.Debug|Any CPU.Build.0 = Debug|Any CPU
		{45AE2CCC-AA7D-4CEF-8D22-4187EB373BE8}.Release|Any CPU.ActiveCfg = Release|Any CPU
		{45AE2CCC-AA7D-4CEF-8D22-4187EB373BE8}.Release|Any CPU.Build.0 = Release|Any CPU
		{8AC00036-9B70-45DC-BC0B-F2ADBC5BF39F}.Debug|Any CPU.ActiveCfg = Debug|Any CPU
		{8AC00036-9B70-45DC-BC0B-F2ADBC5BF39F}.Debug|Any CPU.Build.0 = Debug|Any CPU
		{8AC00036-9B70-45DC-BC0B-F2ADBC5BF39F}.Release|Any CPU.ActiveCfg = Release|Any CPU
		{8AC00036-9B70-45DC-BC0B-F2ADBC5BF39F}.Release|Any CPU.Build.0 = Release|Any CPU
		{7BB42108-6C45-4E70-ACD3-0EA6786FC6F5}.Debug|Any CPU.ActiveCfg = Debug|Any CPU
		{7BB42108-6C45-4E70-ACD3-0EA6786FC6F5}.Debug|Any CPU.Build.0 = Debug|Any CPU
		{7BB42108-6C45-4E70-ACD3-0EA6786FC6F5}.Release|Any CPU.ActiveCfg = Release|Any CPU
		{7BB42108-6C45-4E70-ACD3-0EA6786FC6F5}.Release|Any CPU.Build.0 = Release|Any CPU
		{FBA545FA-AD85-45B5-AD8D-99E3824A8407}.Debug|Any CPU.ActiveCfg = Debug|Any CPU
		{FBA545FA-AD85-45B5-AD8D-99E3824A8407}.Debug|Any CPU.Build.0 = Debug|Any CPU
		{FBA545FA-AD85-45B5-AD8D-99E3824A8407}.Release|Any CPU.ActiveCfg = Release|Any CPU
		{FBA545FA-AD85-45B5-AD8D-99E3824A8407}.Release|Any CPU.Build.0 = Release|Any CPU
		{D36F1507-BADC-4417-98C8-463FD48D1270}.Debug|Any CPU.ActiveCfg = Debug|Any CPU
		{D36F1507-BADC-4417-98C8-463FD48D1270}.Debug|Any CPU.Build.0 = Debug|Any CPU
		{D36F1507-BADC-4417-98C8-463FD48D1270}.Release|Any CPU.ActiveCfg = Release|Any CPU
		{D36F1507-BADC-4417-98C8-463FD48D1270}.Release|Any CPU.Build.0 = Release|Any CPU
		{05432F6C-8551-4E86-BF52-C88591CDD78F}.Debug|Any CPU.ActiveCfg = Debug|Any CPU
		{05432F6C-8551-4E86-BF52-C88591CDD78F}.Debug|Any CPU.Build.0 = Debug|Any CPU
		{05432F6C-8551-4E86-BF52-C88591CDD78F}.Release|Any CPU.ActiveCfg = Release|Any CPU
		{05432F6C-8551-4E86-BF52-C88591CDD78F}.Release|Any CPU.Build.0 = Release|Any CPU
		{43FAB56D-56A4-4D32-BEF2-46AC4279E629}.Debug|Any CPU.ActiveCfg = Debug|Any CPU
		{43FAB56D-56A4-4D32-BEF2-46AC4279E629}.Debug|Any CPU.Build.0 = Debug|Any CPU
		{43FAB56D-56A4-4D32-BEF2-46AC4279E629}.Release|Any CPU.ActiveCfg = Release|Any CPU
		{43FAB56D-56A4-4D32-BEF2-46AC4279E629}.Release|Any CPU.Build.0 = Release|Any CPU
		{1C3213D4-D6C0-4020-A6DC-E94ECC4EFEEC}.Debug|Any CPU.ActiveCfg = Debug|Any CPU
		{1C3213D4-D6C0-4020-A6DC-E94ECC4EFEEC}.Debug|Any CPU.Build.0 = Debug|Any CPU
		{1C3213D4-D6C0-4020-A6DC-E94ECC4EFEEC}.Release|Any CPU.ActiveCfg = Release|Any CPU
		{1C3213D4-D6C0-4020-A6DC-E94ECC4EFEEC}.Release|Any CPU.Build.0 = Release|Any CPU
		{B2C2B6DC-324F-4994-B121-7F84154D470E}.Debug|Any CPU.ActiveCfg = Debug|Any CPU
		{B2C2B6DC-324F-4994-B121-7F84154D470E}.Debug|Any CPU.Build.0 = Debug|Any CPU
		{B2C2B6DC-324F-4994-B121-7F84154D470E}.Release|Any CPU.ActiveCfg = Release|Any CPU
		{B2C2B6DC-324F-4994-B121-7F84154D470E}.Release|Any CPU.Build.0 = Release|Any CPU
		{6BEA7F8B-D45E-4A25-8C95-E430A6922F70}.Debug|Any CPU.ActiveCfg = Debug|Any CPU
		{6BEA7F8B-D45E-4A25-8C95-E430A6922F70}.Debug|Any CPU.Build.0 = Debug|Any CPU
		{6BEA7F8B-D45E-4A25-8C95-E430A6922F70}.Release|Any CPU.ActiveCfg = Release|Any CPU
		{6BEA7F8B-D45E-4A25-8C95-E430A6922F70}.Release|Any CPU.Build.0 = Release|Any CPU
		{F267669E-8BCF-44F0-B828-E0E0C9249CFB}.Debug|Any CPU.ActiveCfg = Debug|Any CPU
		{F267669E-8BCF-44F0-B828-E0E0C9249CFB}.Debug|Any CPU.Build.0 = Debug|Any CPU
		{F267669E-8BCF-44F0-B828-E0E0C9249CFB}.Release|Any CPU.ActiveCfg = Release|Any CPU
		{F267669E-8BCF-44F0-B828-E0E0C9249CFB}.Release|Any CPU.Build.0 = Release|Any CPU
	EndGlobalSection
	GlobalSection(SolutionProperties) = preSolution
		HideSolutionNode = FALSE
	EndGlobalSection
	GlobalSection(NestedProjects) = preSolution
		{093402C4-CE7C-4ED2-9394-0DD576EAE79F} = {02EA681E-C7D8-13C7-8484-4AC65E1B71E8}
		{EEC7DD44-7CB7-477F-92E6-EA8EDE5713AA} = {02EA681E-C7D8-13C7-8484-4AC65E1B71E8}
		{00515846-2A2F-464A-8CC6-5F83463A8D3C} = {02EA681E-C7D8-13C7-8484-4AC65E1B71E8}
		{D90A9489-37B6-4F0B-BCE0-4C2513859D48} = {A544C2D8-4CBD-4AFF-B240-B8F4DBBFB46D}
		{440B8E04-234F-4733-8AEF-543D81833821} = {A544C2D8-4CBD-4AFF-B240-B8F4DBBFB46D}
		{26B5CA8C-67BF-4644-B2D9-5B3F79810C5E} = {A544C2D8-4CBD-4AFF-B240-B8F4DBBFB46D}
		{4631B8D9-6729-4EAF-BDBB-03CECA45FAFF} = {F7808589-A05E-488F-96D3-028702DA10C4}
		{92E1F855-83D1-4878-A2F2-500BBCD35363} = {F7808589-A05E-488F-96D3-028702DA10C4}
		{048463D4-9DC7-426C-9CEC-7BE36F9C453F} = {F7808589-A05E-488F-96D3-028702DA10C4}
		{56C0CCDE-C7E5-4531-BA0F-91576C9CDC71} = {FD463ECB-C42E-4A7D-BC6F-D61818FA9CC3}
		{1AB8F4C3-E651-4674-8AC3-204FAFBAE3D3} = {FD463ECB-C42E-4A7D-BC6F-D61818FA9CC3}
		{CC013683-3852-45BC-9330-69CFCE95266E} = {FD463ECB-C42E-4A7D-BC6F-D61818FA9CC3}
		{D1B9FD26-DF12-49BE-A9EF-2F9FE92889EC} = {110BFE0F-4592-4102-87D7-B9F29352EF0D}
		{45AE2CCC-AA7D-4CEF-8D22-4187EB373BE8} = {110BFE0F-4592-4102-87D7-B9F29352EF0D}
		{8AC00036-9B70-45DC-BC0B-F2ADBC5BF39F} = {110BFE0F-4592-4102-87D7-B9F29352EF0D}
		{7BB42108-6C45-4E70-ACD3-0EA6786FC6F5} = {45E080C8-C027-4E00-BB95-B5B6675DE2CB}
		{FBA545FA-AD85-45B5-AD8D-99E3824A8407} = {45E080C8-C027-4E00-BB95-B5B6675DE2CB}
		{D36F1507-BADC-4417-98C8-463FD48D1270} = {45E080C8-C027-4E00-BB95-B5B6675DE2CB}
		{05432F6C-8551-4E86-BF52-C88591CDD78F} = {E08B7308-58A3-45CB-BA55-ECF40C3BE98D}
		{43FAB56D-56A4-4D32-BEF2-46AC4279E629} = {E08B7308-58A3-45CB-BA55-ECF40C3BE98D}
		{1C3213D4-D6C0-4020-A6DC-E94ECC4EFEEC} = {E08B7308-58A3-45CB-BA55-ECF40C3BE98D}
		{B2C2B6DC-324F-4994-B121-7F84154D470E} = {9B3BC1D0-33F7-450E-BD64-FF88A437B01A}
		{6BEA7F8B-D45E-4A25-8C95-E430A6922F70} = {9B3BC1D0-33F7-450E-BD64-FF88A437B01A}
		{F267669E-8BCF-44F0-B828-E0E0C9249CFB} = {9B3BC1D0-33F7-450E-BD64-FF88A437B01A}
	EndGlobalSection
	GlobalSection(ExtensibilityGlobals) = postSolution
		SolutionGuid = {3434E9DD-B35C-42A9-8E37-DDFDF3BE9144}
	EndGlobalSection
EndGlobal
